<?xml version="1.0" encoding="utf-8"?>
<Project ToolsVersion="4.0" xmlns="http://schemas.microsoft.com/developer/msbuild/2003">
  <ItemGroup>
    <ClCompile Include="src\main.cpp" />
    <ClCompile Include="deps\imgui\imgui.cpp">
      <Filter>imgui</Filter>
    </ClCompile>
    <ClCompile Include="deps\imgui\imgui_demo.cpp">
      <Filter>imgui</Filter>
    </ClCompile>
    <ClCompile Include="deps\imgui\imgui_draw.cpp">
      <Filter>imgui</Filter>
    </ClCompile>
    <ClCompile Include="deps\imgui\imgui_tables.cpp">
      <Filter>imgui</Filter>
    </ClCompile>
    <ClCompile Include="deps\imgui\imgui_widgets.cpp">
      <Filter>imgui</Filter>
    </ClCompile>
    <ClCompile Include="deps\imgui\backends\imgui_impl_sdl.cpp">
      <Filter>imgui</Filter>
    </ClCompile>
    <ClCompile Include="deps\imgui\backends\imgui_impl_sdlrenderer.cpp">
      <Filter>imgui</Filter>
    </ClCompile>
    <ClCompile Include="src\foundation\asset\asset.cpp">
      <Filter>foundation\asset</Filter>
    </ClCompile>
  </ItemGroup>
  <ItemGroup>
    <Filter Include="imgui">
      <UniqueIdentifier>{85401739-bbd9-4a98-ae9a-0070ff676f07}</UniqueIdentifier>
    </Filter>
    <Filter Include="foundation">
      <UniqueIdentifier>{dcb00ab6-6556-4b0a-aa8d-47c368835cf8}</UniqueIdentifier>
    </Filter>
    <Filter Include="foundation\asset">
      <UniqueIdentifier>{8f7cb798-5b7e-435c-81be-035052288210}</UniqueIdentifier>
    </Filter>
  </ItemGroup>
  <ItemGroup>
    <ClInclude Include="deps\imgui\imconfig.h">
      <Filter>imgui</Filter>
    </ClInclude>
    <ClInclude Include="deps\imgui\imgui.h">
      <Filter>imgui</Filter>
    </ClInclude>
    <ClInclude Include="deps\imgui\imgui_internal.h">
      <Filter>imgui</Filter>
    </ClInclude>
    <ClInclude Include="deps\imgui\imstb_rectpack.h">
      <Filter>imgui</Filter>
    </ClInclude>
    <ClInclude Include="deps\imgui\imstb_textedit.h">
      <Filter>imgui</Filter>
    </ClInclude>
    <ClInclude Include="deps\imgui\imstb_truetype.h">
      <Filter>imgui</Filter>
    </ClInclude>
    <ClInclude Include="deps\imgui\backends\imgui_impl_sdl.h">
      <Filter>imgui</Filter>
    </ClInclude>
    <ClInclude Include="deps\imgui\backends\imgui_impl_sdlrenderer.h">
      <Filter>imgui</Filter>
    </ClInclude>
    <ClInclude Include="src\foundation\asset\asset.h">
      <Filter>foundation\asset</Filter>
    </ClInclude>
    <ClInclude Include="src\foundation\hash.h">
      <Filter>foundation</Filter>
    </ClInclude>
    <ClInclude Include="src\foundation\reference_count.h">
      <Filter>foundation</Filter>
    </ClInclude>
    <ClInclude Include="src\foundation\observer.h">
      <Filter>foundation</Filter>
    </ClInclude>
  </ItemGroup>
</Project>